
Microsoft Visual Studio Solution File, Format Version 12.00
# Visual Studio Version 16
VisualStudioVersion = 16.0.31025.194
MinimumVisualStudioVersion = 10.0.40219.1
Project("{9A19103F-16F7-4668-BE54-9A1E7A4F7556}") = "ParcelPartitioning.API", "ParcelPartitioning.API\ParcelPartitioning.API.csproj", "{F8C3CADB-9ACB-46DF-B691-55ECCBB2CF33}"
EndProject
Project("{FAE04EC0-301F-11D3-BF4B-00C04F79EFBC}") = "ParcelPartitioning.Data", "ParcelPartitioning.Data\ParcelPartitioning.Data.csproj", "{CEEB9BA6-1905-4A50-8957-A59A94670452}"
EndProject
Global
	GlobalSection(SolutionConfigurationPlatforms) = preSolution
		Debug|Any CPU = Debug|Any CPU
		Release|Any CPU = Release|Any CPU
	EndGlobalSection
	GlobalSection(ProjectConfigurationPlatforms) = postSolution
		{F8C3CADB-9ACB-46DF-B691-55ECCBB2CF33}.Debug|Any CPU.ActiveCfg = Debug|Any CPU
		{F8C3CADB-9ACB-46DF-B691-55ECCBB2CF33}.Debug|Any CPU.Build.0 = Debug|Any CPU
		{F8C3CADB-9ACB-46DF-B691-55ECCBB2CF33}.Release|Any CPU.ActiveCfg = Release|Any CPU
		{F8C3CADB-9ACB-46DF-B691-55ECCBB2CF33}.Release|Any CPU.Build.0 = Release|Any CPU
		{CEEB9BA6-1905-4A50-8957-A59A94670452}.Debug|Any CPU.ActiveCfg = Debug|Any CPU
		{CEEB9BA6-1905-4A50-8957-A59A94670452}.Debug|Any CPU.Build.0 = Debug|Any CPU
		{CEEB9BA6-1905-4A50-8957-A59A94670452}.Release|Any CPU.ActiveCfg = Release|Any CPU
		{CEEB9BA6-1905-4A50-8957-A59A94670452}.Release|Any CPU.Build.0 = Release|Any CPU
	EndGlobalSection
	GlobalSection(SolutionProperties) = preSolution
		HideSolutionNode = FALSE
	EndGlobalSection
	GlobalSection(ExtensibilityGlobals) = postSolution
		SolutionGuid = {62EFACB9-6C9E-4189-8968-45B0A167CBB2}
	EndGlobalSection
EndGlobal
